
Microsoft Visual Studio Solution File, Format Version 12.00
# Visual Studio Version 16
VisualStudioVersion = 16.0.29613.14
MinimumVisualStudioVersion = 10.0.40219.1
Project("{FAE04EC0-301F-11D3-BF4B-00C04F79EFBC}") = "FluentHue", "FluentHue\FluentHue.csproj", "{F7EBFF66-A3BF-4DC1-9840-C7B1E3684A6C}"
EndProject
Global
	GlobalSection(SolutionConfigurationPlatforms) = preSolution
		Debug|Any CPU = Debug|Any CPU
		Release|Any CPU = Release|Any CPU
	EndGlobalSection
	GlobalSection(ProjectConfigurationPlatforms) = postSolution
		{F7EBFF66-A3BF-4DC1-9840-C7B1E3684A6C}.Debug|Any CPU.ActiveCfg = Debug|Any CPU
		{F7EBFF66-A3BF-4DC1-9840-C7B1E3684A6C}.Debug|Any CPU.Build.0 = Debug|Any CPU
		{F7EBFF66-A3BF-4DC1-9840-C7B1E3684A6C}.Release|Any CPU.ActiveCfg = Release|Any CPU
		{F7EBFF66-A3BF-4DC1-9840-C7B1E3684A6C}.Release|Any CPU.Build.0 = Release|Any CPU
	EndGlobalSection
	GlobalSection(SolutionProperties) = preSolution
		HideSolutionNode = FALSE
	EndGlobalSection
	GlobalSection(ExtensibilityGlobals) = postSolution
		SolutionGuid = {1B40FF5D-261B-4B01-A632-D953EA9A2A61}
	EndGlobalSection
EndGlobal
